// !$*UTF8*$!
{
	archiveVersion = 1;
	classes = {
	};
	objectVersion = 50;
	objects = {

/* Begin PBXBuildFile section */
		4E8AC92A262A2E8000A37374 /* AppDelegate.swift in Sources */ = {isa = PBXBuildFile; fileRef = 4E8AC929262A2E8000A37374 /* AppDelegate.swift */; };
		4E8AC92C262A2E8000A37374 /* SceneDelegate.swift in Sources */ = {isa = PBXBuildFile; fileRef = 4E8AC92B262A2E8000A37374 /* SceneDelegate.swift */; };
		4E8AC931262A2E8000A37374 /* Main.storyboard in Resources */ = {isa = PBXBuildFile; fileRef = 4E8AC92F262A2E8000A37374 /* Main.storyboard */; };
		4E8AC934262A2E8000A37374 /* MasterDetailDemo.xcdatamodeld in Sources */ = {isa = PBXBuildFile; fileRef = 4E8AC932262A2E8000A37374 /* MasterDetailDemo.xcdatamodeld */; };
		4E8AC936262A2E8200A37374 /* Assets.xcassets in Resources */ = {isa = PBXBuildFile; fileRef = 4E8AC935262A2E8200A37374 /* Assets.xcassets */; };
		4E8AC939262A2E8200A37374 /* LaunchScreen.storyboard in Resources */ = {isa = PBXBuildFile; fileRef = 4E8AC937262A2E8200A37374 /* LaunchScreen.storyboard */; };
		4E8AC947262A31F400A37374 /* MasterViewController.swift in Sources */ = {isa = PBXBuildFile; fileRef = 4E8AC946262A31F400A37374 /* MasterViewController.swift */; };
		4E8AC94A262A333C00A37374 /* DetailViewController.swift in Sources */ = {isa = PBXBuildFile; fileRef = 4E8AC949262A333C00A37374 /* DetailViewController.swift */; };
		4E8AC94D262A345000A37374 /* Pet.swift in Sources */ = {isa = PBXBuildFile; fileRef = 4E8AC94C262A345000A37374 /* Pet.swift */; };
/* End PBXBuildFile section */

/* Begin PBXFileReference section */
		4E8AC926262A2E8000A37374 /* MasterDetailDemo.app */ = {isa = PBXFileReference; explicitFileType = wrapper.application; includeInIndex = 0; path = MasterDetailDemo.app; sourceTree = BUILT_PRODUCTS_DIR; };
		4E8AC929262A2E8000A37374 /* AppDelegate.swift */ = {isa = PBXFileReference; lastKnownFileType = sourcecode.swift; path = AppDelegate.swift; sourceTree = "<group>"; };
		4E8AC92B262A2E8000A37374 /* SceneDelegate.swift */ = {isa = PBXFileReference; lastKnownFileType = sourcecode.swift; path = SceneDelegate.swift; sourceTree = "<group>"; };
		4E8AC930262A2E8000A37374 /* Base */ = {isa = PBXFileReference; lastKnownFileType = file.storyboard; name = Base; path = Base.lproj/Main.storyboard; sourceTree = "<group>"; };
		4E8AC933262A2E8000A37374 /* MasterDetailDemo.xcdatamodel */ = {isa = PBXFileReference; lastKnownFileType = wrapper.xcdatamodel; path = MasterDetailDemo.xcdatamodel; sourceTree = "<group>"; };
		4E8AC935262A2E8200A37374 /* Assets.xcassets */ = {isa = PBXFileReference; lastKnownFileType = folder.assetcatalog; path = Assets.xcassets; sourceTree = "<group>"; };
		4E8AC938262A2E8200A37374 /* Base */ = {isa = PBXFileReference; lastKnownFileType = file.storyboard; name = Base; path = Base.lproj/LaunchScreen.storyboard; sourceTree = "<group>"; };
		4E8AC93A262A2E8200A37374 /* Info.plist */ = {isa = PBXFileReference; lastKnownFileType = text.plist.xml; path = Info.plist; sourceTree = "<group>"; };
		4E8AC946262A31F400A37374 /* MasterViewController.swift */ = {isa = PBXFileReference; lastKnownFileType = sourcecode.swift; path = MasterViewController.swift; sourceTree = "<group>"; };
		4E8AC949262A333C00A37374 /* DetailViewController.swift */ = {isa = PBXFileReference; lastKnownFileType = sourcecode.swift; path = DetailViewController.swift; sourceTree = "<group>"; };
		4E8AC94C262A345000A37374 /* Pet.swift */ = {isa = PBXFileReference; lastKnownFileType = sourcecode.swift; path = Pet.swift; sourceTree = "<group>"; };
/* End PBXFileReference section */

/* Begin PBXFrameworksBuildPhase section */
		4E8AC923262A2E8000A37374 /* Frameworks */ = {
			isa = PBXFrameworksBuildPhase;
			buildActionMask = 2147483647;
			files = (
			);
			runOnlyForDeploymentPostprocessing = 0;
		};
/* End PBXFrameworksBuildPhase section */

/* Begin PBXGroup section */
		4E8AC91D262A2E8000A37374 = {
			isa = PBXGroup;
			children = (
				4E8AC928262A2E8000A37374 /* MasterDetailDemo */,
				4E8AC927262A2E8000A37374 /* Products */,
			);
			sourceTree = "<group>";
		};
		4E8AC927262A2E8000A37374 /* Products */ = {
			isa = PBXGroup;
			children = (
				4E8AC926262A2E8000A37374 /* MasterDetailDemo.app */,
			);
			name = Products;
			sourceTree = "<group>";
		};
		4E8AC928262A2E8000A37374 /* MasterDetailDemo */ = {
			isa = PBXGroup;
			children = (
				4E8AC929262A2E8000A37374 /* AppDelegate.swift */,
				4E8AC92B262A2E8000A37374 /* SceneDelegate.swift */,
				4E8AC92F262A2E8000A37374 /* Main.storyboard */,
				4E8AC94C262A345000A37374 /* Pet.swift */,
				4E8AC949262A333C00A37374 /* DetailViewController.swift */,
				4E8AC946262A31F400A37374 /* MasterViewController.swift */,
				4E8AC935262A2E8200A37374 /* Assets.xcassets */,
				4E8AC937262A2E8200A37374 /* LaunchScreen.storyboard */,
				4E8AC93A262A2E8200A37374 /* Info.plist */,
				4E8AC932262A2E8000A37374 /* MasterDetailDemo.xcdatamodeld */,
			);
			path = MasterDetailDemo;
			sourceTree = "<group>";
		};
/* End PBXGroup section */

/* Begin PBXNativeTarget section */
		4E8AC925262A2E8000A37374 /* MasterDetailDemo */ = {
			isa = PBXNativeTarget;
			buildConfigurationList = 4E8AC93D262A2E8200A37374 /* Build configuration list for PBXNativeTarget "MasterDetailDemo" */;
			buildPhases = (
				4E8AC922262A2E8000A37374 /* Sources */,
				4E8AC923262A2E8000A37374 /* Frameworks */,
				4E8AC924262A2E8000A37374 /* Resources */,
			);
			buildRules = (
			);
			dependencies = (
			);
			name = MasterDetailDemo;
			productName = MasterDetailDemo;
			productReference = 4E8AC926262A2E8000A37374 /* MasterDetailDemo.app */;
			productType = "com.apple.product-type.application";
		};
/* End PBXNativeTarget section */

/* Begin PBXProject section */
		4E8AC91E262A2E8000A37374 /* Project object */ = {
			isa = PBXProject;
			attributes = {
				LastSwiftUpdateCheck = 1240;
				LastUpgradeCheck = 1240;
				TargetAttributes = {
					4E8AC925262A2E8000A37374 = {
						CreatedOnToolsVersion = 12.4;
					};
				};
			};
			buildConfigurationList = 4E8AC921262A2E8000A37374 /* Build configuration list for PBXProject "MasterDetailDemo" */;
			compatibilityVersion = "Xcode 9.3";
			developmentRegion = en;
			hasScannedForEncodings = 0;
			knownRegions = (
				en,
				Base,
			);
			mainGroup = 4E8AC91D262A2E8000A37374;
			productRefGroup = 4E8AC927262A2E8000A37374 /* Products */;
			projectDirPath = "";
			projectRoot = "";
			targets = (
				4E8AC925262A2E8000A37374 /* MasterDetailDemo */,
			);
		};
/* End PBXProject section */

/* Begin PBXResourcesBuildPhase section */
		4E8AC924262A2E8000A37374 /* Resources */ = {
			isa = PBXResourcesBuildPhase;
			buildActionMask = 2147483647;
			files = (
				4E8AC939262A2E8200A37374 /* LaunchScreen.storyboard in Resources */,
				4E8AC936262A2E8200A37374 /* Assets.xcassets in Resources */,
				4E8AC931262A2E8000A37374 /* Main.storyboard in Resources */,
			);
			runOnlyForDeploymentPostprocessing = 0;
		};
/* End PBXResourcesBuildPhase section */

/* Begin PBXSourcesBuildPhase section */
		4E8AC922262A2E8000A37374 /* Sources */ = {
			isa = PBXSourcesBuildPhase;
			buildActionMask = 2147483647;
			files = (
				4E8AC947262A31F400A37374 /* MasterViewController.swift in Sources */,
				4E8AC934262A2E8000A37374 /* MasterDetailDemo.xcdatamodeld in Sources */,
				4E8AC94A262A333C00A37374 /* DetailViewController.swift in Sources */,
				4E8AC94D262A345000A37374 /* Pet.swift in Sources */,
				4E8AC92A262A2E8000A37374 /* AppDelegate.swift in Sources */,
				4E8AC92C262A2E8000A37374 /* SceneDelegate.swift in Sources */,
			);
			runOnlyForDeploymentPostprocessing = 0;
		};
/* End PBXSourcesBuildPhase section */

/* Begin PBXVariantGroup section */
		4E8AC92F262A2E8000A37374 /* Main.storyboard */ = {
			isa = PBXVariantGroup;
			children = (
				4E8AC930262A2E8000A37374 /* Base */,
			);
			name = Main.storyboard;
			sourceTree = "<group>";
		};
		4E8AC937262A2E8200A37374 /* LaunchScreen.storyboard */ = {
			isa = PBXVariantGroup;
			children = (
				4E8AC938262A2E8200A37374 /* Base */,
			);
			name = LaunchScreen.storyboard;
			sourceTree = "<group>";
		};
/* End PBXVariantGroup section */

/* Begin XCBuildConfiguration section */
		4E8AC93B262A2E8200A37374 /* Debug */ = {
			isa = XCBuildConfiguration;
			buildSettings = {
				ALWAYS_SEARCH_USER_PATHS = NO;
				CLANG_ANALYZER_NONNULL = YES;
				CLANG_ANALYZER_NUMBER_OBJECT_CONVERSION = YES_AGGRESSIVE;
				CLANG_CXX_LANGUAGE_STANDARD = "gnu++14";
				CLANG_CXX_LIBRARY = "libc++";
				CLANG_ENABLE_MODULES = YES;
				CLANG_ENABLE_OBJC_ARC = YES;
				CLANG_ENABLE_OBJC_WEAK = YES;
				CLANG_WARN_BLOCK_CAPTURE_AUTORELEASING = YES;
				CLANG_WARN_BOOL_CONVERSION = YES;
				CLANG_WARN_COMMA = YES;
				CLANG_WARN_CONSTANT_CONVERSION = YES;
				CLANG_WARN_DEPRECATED_OBJC_IMPLEMENTATIONS = YES;
				CLANG_WARN_DIRECT_OBJC_ISA_USAGE = YES_ERROR;
				CLANG_WARN_DOCUMENTATION_COMMENTS = YES;
				CLANG_WARN_EMPTY_BODY = YES;
				CLANG_WARN_ENUM_CONVERSION = YES;
				CLANG_WARN_INFINITE_RECURSION = YES;
				CLANG_WARN_INT_CONVERSION = YES;
				CLANG_WARN_NON_LITERAL_NULL_CONVERSION = YES;
				CLANG_WARN_OBJC_IMPLICIT_RETAIN_SELF = YES;
				CLANG_WARN_OBJC_LITERAL_CONVERSION = YES;
				CLANG_WARN_OBJC_ROOT_CLASS = YES_ERROR;
				CLANG_WARN_QUOTED_INCLUDE_IN_FRAMEWORK_HEADER = YES;
				CLANG_WARN_RANGE_LOOP_ANALYSIS = YES;
				CLANG_WARN_STRICT_PROTOTYPES = YES;
				CLANG_WARN_SUSPICIOUS_MOVE = YES;
				CLANG_WARN_UNGUARDED_AVAILABILITY = YES_AGGRESSIVE;
				CLANG_WARN_UNREACHABLE_CODE = YES;
				CLANG_WARN__DUPLICATE_METHOD_MATCH = YES;
				COPY_PHASE_STRIP = NO;
				DEBUG_INFORMATION_FORMAT = dwarf;
				ENABLE_STRICT_OBJC_MSGSEND = YES;
				ENABLE_TESTABILITY = YES;
				GCC_C_LANGUAGE_STANDARD = gnu11;
				GCC_DYNAMIC_NO_PIC = NO;
				GCC_NO_COMMON_BLOCKS = YES;
				GCC_OPTIMIZATION_LEVEL = 0;
				GCC_PREPROCESSOR_DEFINITIONS = (
					"DEBUG=1",
					"$(inherited)",
				);
				GCC_WARN_64_TO_32_BIT_CONVERSION = YES;
				GCC_WARN_ABOUT_RETURN_TYPE = YES_ERROR;
				GCC_WARN_UNDECLARED_SELECTOR = YES;
				GCC_WARN_UNINITIALIZED_AUTOS = YES_AGGRESSIVE;
				GCC_WARN_UNUSED_FUNCTION = YES;
				GCC_WARN_UNUSED_VARIABLE = YES;
				IPHONEOS_DEPLOYMENT_TARGET = 14.4;
				MTL_ENABLE_DEBUG_INFO = INCLUDE_SOURCE;
				MTL_FAST_MATH = YES;
				ONLY_ACTIVE_ARCH = YES;
				SDKROOT = iphoneos;
				SWIFT_ACTIVE_COMPILATION_CONDITIONS = DEBUG;
				SWIFT_OPTIMIZATION_LEVEL = "-Onone";
			};
			name = Debug;
		};
		4E8AC93C262A2E8200A37374 /* Release */ = {
			isa = XCBuildConfiguration;
			buildSettings = {
				ALWAYS_SEARCH_USER_PATHS = NO;
				CLANG_ANALYZER_NONNULL = YES;
				CLANG_ANALYZER_NUMBER_OBJECT_CONVERSION = YES_AGGRESSIVE;
				CLANG_CXX_LANGUAGE_STANDARD = "gnu++14";
				CLANG_CXX_LIBRARY = "libc++";
				CLANG_ENABLE_MODULES = YES;
				CLANG_ENABLE_OBJC_ARC = YES;
				CLANG_ENABLE_OBJC_WEAK = YES;
				CLANG_WARN_BLOCK_CAPTURE_AUTORELEASING = YES;
				CLANG_WARN_BOOL_CONVERSION = YES;
				CLANG_WARN_COMMA = YES;
				CLANG_WARN_CONSTANT_CONVERSION = YES;
				CLANG_WARN_DEPRECATED_OBJC_IMPLEMENTATIONS = YES;
				CLANG_WARN_DIRECT_OBJC_ISA_USAGE = YES_ERROR;
				CLANG_WARN_DOCUMENTATION_COMMENTS = YES;
				CLANG_WARN_EMPTY_BODY = YES;
				CLANG_WARN_ENUM_CONVERSION = YES;
				CLANG_WARN_INFINITE_RECURSION = YES;
				CLANG_WARN_INT_CONVERSION = YES;
				CLANG_WARN_NON_LITERAL_NULL_CONVERSION = YES;
				CLANG_WARN_OBJC_IMPLICIT_RETAIN_SELF = YES;
				CLANG_WARN_OBJC_LITERAL_CONVERSION = YES;
				CLANG_WARN_OBJC_ROOT_CLASS = YES_ERROR;
				CLANG_WARN_QUOTED_INCLUDE_IN_FRAMEWORK_HEADER = YES;
				CLANG_WARN_RANGE_LOOP_ANALYSIS = YES;
				CLANG_WARN_STRICT_PROTOTYPES = YES;
				CLANG_WARN_SUSPICIOUS_MOVE = YES;
				CLANG_WARN_UNGUARDED_AVAILABILITY = YES_AGGRESSIVE;
				CLANG_WARN_UNREACHABLE_CODE = YES;
				CLANG_WARN__DUPLICATE_METHOD_MATCH = YES;
				COPY_PHASE_STRIP = NO;
				DEBUG_INFORMATION_FORMAT = "dwarf-with-dsym";
				ENABLE_NS_ASSERTIONS = NO;
				ENABLE_STRICT_OBJC_MSGSEND = YES;
				GCC_C_LANGUAGE_STANDARD = gnu11;
				GCC_NO_COMMON_BLOCKS = YES;
				GCC_WARN_64_TO_32_BIT_CONVERSION = YES;
				GCC_WARN_ABOUT_RETURN_TYPE = YES_ERROR;
				GCC_WARN_UNDECLARED_SELECTOR = YES;
				GCC_WARN_UNINITIALIZED_AUTOS = YES_AGGRESSIVE;
				GCC_WARN_UNUSED_FUNCTION = YES;
				GCC_WARN_UNUSED_VARIABLE = YES;
				IPHONEOS_DEPLOYMENT_TARGET = 14.4;
				MTL_ENABLE_DEBUG_INFO = NO;
				MTL_FAST_MATH = YES;
				SDKROOT = iphoneos;
				SWIFT_COMPILATION_MODE = wholemodule;
				SWIFT_OPTIMIZATION_LEVEL = "-O";
				VALIDATE_PRODUCT = YES;
			};
			name = Release;
		};
		4E8AC93E262A2E8200A37374 /* Debug */ = {
			isa = XCBuildConfiguration;
			buildSettings = {
				ASSETCATALOG_COMPILER_APPICON_NAME = AppIcon;
				ASSETCATALOG_COMPILER_GLOBAL_ACCENT_COLOR_NAME = AccentColor;
				CODE_SIGN_STYLE = Automatic;
				DEVELOPMENT_TEAM = JWC3TSVW2S;
				INFOPLIST_FILE = MasterDetailDemo/Info.plist;
				LD_RUNPATH_SEARCH_PATHS = (
					"$(inherited)",
					"@executable_path/Frameworks",
				);
				PRODUCT_BUNDLE_IDENTIFIER = com.dilum.MasterDetailDemo;
				PRODUCT_NAME = "$(TARGET_NAME)";
				SWIFT_VERSION = 5.0;
				TARGETED_DEVICE_FAMILY = "1,2";
			};
			name = Debug;
		};
		4E8AC93F262A2E8200A37374 /* Release */ = {
			isa = XCBuildConfiguration;
			buildSettings = {
				ASSETCATALOG_COMPILER_APPICON_NAME = AppIcon;
				ASSETCATALOG_COMPILER_GLOBAL_ACCENT_COLOR_NAME = AccentColor;
				CODE_SIGN_STYLE = Automatic;
				DEVELOPMENT_TEAM = JWC3TSVW2S;
				INFOPLIST_FILE = MasterDetailDemo/Info.plist;
				LD_RUNPATH_SEARCH_PATHS = (
					"$(inherited)",
					"@executable_path/Frameworks",
				);
				PRODUCT_BUNDLE_IDENTIFIER = com.dilum.MasterDetailDemo;
				PRODUCT_NAME = "$(TARGET_NAME)";
				SWIFT_VERSION = 5.0;
				TARGETED_DEVICE_FAMILY = "1,2";
			};
			name = Release;
		};
/* End XCBuildConfiguration section */

/* Begin XCConfigurationList section */
		4E8AC921262A2E8000A37374 /* Build configuration list for PBXProject "MasterDetailDemo" */ = {
			isa = XCConfigurationList;
			buildConfigurations = (
				4E8AC93B262A2E8200A37374 /* Debug */,
				4E8AC93C262A2E8200A37374 /* Release */,
			);
			defaultConfigurationIsVisible = 0;
			defaultConfigurationName = Release;
		};
		4E8AC93D262A2E8200A37374 /* Build configuration list for PBXNativeTarget "MasterDetailDemo" */ = {
			isa = XCConfigurationList;
			buildConfigurations = (
				4E8AC93E262A2E8200A37374 /* Debug */,
				4E8AC93F262A2E8200A37374 /* Release */,
			);
			defaultConfigurationIsVisible = 0;
			defaultConfigurationName = Release;
		};
/* End XCConfigurationList section */

/* Begin XCVersionGroup section */
		4E8AC932262A2E8000A37374 /* MasterDetailDemo.xcdatamodeld */ = {
			isa = XCVersionGroup;
			children = (
				4E8AC933262A2E8000A37374 /* MasterDetailDemo.xcdatamodel */,
			);
			currentVersion = 4E8AC933262A2E8000A37374 /* MasterDetailDemo.xcdatamodel */;
			path = MasterDetailDemo.xcdatamodeld;
			sourceTree = "<group>";
			versionGroupType = wrapper.xcdatamodel;
		};
/* End XCVersionGroup section */
	};
	rootObject = 4E8AC91E262A2E8000A37374 /* Project object */;
}
