// !$*UTF8*$!
{
	archiveVersion = 1;
	classes = {
	};
	objectVersion = 50;
	objects = {

/* Begin PBXBuildFile section */
		4E8AC7F6261648E900A37374 /* AppDelegate.swift in Sources */ = {isa = PBXBuildFile; fileRef = 4E8AC7F5261648E900A37374 /* AppDelegate.swift */; };
		4E8AC7F8261648E900A37374 /* SceneDelegate.swift in Sources */ = {isa = PBXBuildFile; fileRef = 4E8AC7F7261648E900A37374 /* SceneDelegate.swift */; };
		4E8AC7FD261648E900A37374 /* Main.storyboard in Resources */ = {isa = PBXBuildFile; fileRef = 4E8AC7FB261648E900A37374 /* Main.storyboard */; };
		4E8AC7FF261648EA00A37374 /* Assets.xcassets in Resources */ = {isa = PBXBuildFile; fileRef = 4E8AC7FE261648EA00A37374 /* Assets.xcassets */; };
		4E8AC802261648EA00A37374 /* LaunchScreen.storyboard in Resources */ = {isa = PBXBuildFile; fileRef = 4E8AC800261648EA00A37374 /* LaunchScreen.storyboard */; };
		4E8AC80C2617114C00A37374 /* mainViewController.swift in Sources */ = {isa = PBXBuildFile; fileRef = 4E8AC80B2617114C00A37374 /* mainViewController.swift */; };
		4E8AC81026173B9300A37374 /* CustomTableViewCell.swift in Sources */ = {isa = PBXBuildFile; fileRef = 4E8AC80E26173B9300A37374 /* CustomTableViewCell.swift */; };
		4E8AC81126173B9300A37374 /* CustomTableViewCell.xib in Resources */ = {isa = PBXBuildFile; fileRef = 4E8AC80F26173B9300A37374 /* CustomTableViewCell.xib */; };
/* End PBXBuildFile section */

/* Begin PBXFileReference section */
		4E8AC7F2261648E900A37374 /* TableViewDemoWithCustomCell.app */ = {isa = PBXFileReference; explicitFileType = wrapper.application; includeInIndex = 0; path = TableViewDemoWithCustomCell.app; sourceTree = BUILT_PRODUCTS_DIR; };
		4E8AC7F5261648E900A37374 /* AppDelegate.swift */ = {isa = PBXFileReference; lastKnownFileType = sourcecode.swift; path = AppDelegate.swift; sourceTree = "<group>"; };
		4E8AC7F7261648E900A37374 /* SceneDelegate.swift */ = {isa = PBXFileReference; lastKnownFileType = sourcecode.swift; path = SceneDelegate.swift; sourceTree = "<group>"; };
		4E8AC7FC261648E900A37374 /* Base */ = {isa = PBXFileReference; lastKnownFileType = file.storyboard; name = Base; path = Base.lproj/Main.storyboard; sourceTree = "<group>"; };
		4E8AC7FE261648EA00A37374 /* Assets.xcassets */ = {isa = PBXFileReference; lastKnownFileType = folder.assetcatalog; path = Assets.xcassets; sourceTree = "<group>"; };
		4E8AC801261648EA00A37374 /* Base */ = {isa = PBXFileReference; lastKnownFileType = file.storyboard; name = Base; path = Base.lproj/LaunchScreen.storyboard; sourceTree = "<group>"; };
		4E8AC803261648EA00A37374 /* Info.plist */ = {isa = PBXFileReference; lastKnownFileType = text.plist.xml; path = Info.plist; sourceTree = "<group>"; };
		4E8AC80B2617114C00A37374 /* mainViewController.swift */ = {isa = PBXFileReference; lastKnownFileType = sourcecode.swift; path = mainViewController.swift; sourceTree = "<group>"; };
		4E8AC80E26173B9300A37374 /* CustomTableViewCell.swift */ = {isa = PBXFileReference; lastKnownFileType = sourcecode.swift; path = CustomTableViewCell.swift; sourceTree = "<group>"; };
		4E8AC80F26173B9300A37374 /* CustomTableViewCell.xib */ = {isa = PBXFileReference; lastKnownFileType = file.xib; path = CustomTableViewCell.xib; sourceTree = "<group>"; };
/* End PBXFileReference section */

/* Begin PBXFrameworksBuildPhase section */
		4E8AC7EF261648E900A37374 /* Frameworks */ = {
			isa = PBXFrameworksBuildPhase;
			buildActionMask = 2147483647;
			files = (
			);
			runOnlyForDeploymentPostprocessing = 0;
		};
/* End PBXFrameworksBuildPhase section */

/* Begin PBXGroup section */
		4E8AC7E9261648E900A37374 = {
			isa = PBXGroup;
			children = (
				4E8AC7F4261648E900A37374 /* TableViewDemoWithCustomCell */,
				4E8AC7F3261648E900A37374 /* Products */,
			);
			sourceTree = "<group>";
		};
		4E8AC7F3261648E900A37374 /* Products */ = {
			isa = PBXGroup;
			children = (
				4E8AC7F2261648E900A37374 /* TableViewDemoWithCustomCell.app */,
			);
			name = Products;
			sourceTree = "<group>";
		};
		4E8AC7F4261648E900A37374 /* TableViewDemoWithCustomCell */ = {
			isa = PBXGroup;
			children = (
				4E8AC7F5261648E900A37374 /* AppDelegate.swift */,
				4E8AC7F7261648E900A37374 /* SceneDelegate.swift */,
				4E8AC7FB261648E900A37374 /* Main.storyboard */,
				4E8AC80B2617114C00A37374 /* mainViewController.swift */,
				4E8AC7FE261648EA00A37374 /* Assets.xcassets */,
				4E8AC800261648EA00A37374 /* LaunchScreen.storyboard */,
				4E8AC803261648EA00A37374 /* Info.plist */,
				4E8AC80E26173B9300A37374 /* CustomTableViewCell.swift */,
				4E8AC80F26173B9300A37374 /* CustomTableViewCell.xib */,
			);
			path = TableViewDemoWithCustomCell;
			sourceTree = "<group>";
		};
/* End PBXGroup section */

/* Begin PBXNativeTarget section */
		4E8AC7F1261648E900A37374 /* TableViewDemoWithCustomCell */ = {
			isa = PBXNativeTarget;
			buildConfigurationList = 4E8AC806261648EA00A37374 /* Build configuration list for PBXNativeTarget "TableViewDemoWithCustomCell" */;
			buildPhases = (
				4E8AC7EE261648E900A37374 /* Sources */,
				4E8AC7EF261648E900A37374 /* Frameworks */,
				4E8AC7F0261648E900A37374 /* Resources */,
			);
			buildRules = (
			);
			dependencies = (
			);
			name = TableViewDemoWithCustomCell;
			productName = TableViewDemoWithCustomCell;
			productReference = 4E8AC7F2261648E900A37374 /* TableViewDemoWithCustomCell.app */;
			productType = "com.apple.product-type.application";
		};
/* End PBXNativeTarget section */

/* Begin PBXProject section */
		4E8AC7EA261648E900A37374 /* Project object */ = {
			isa = PBXProject;
			attributes = {
				LastSwiftUpdateCheck = 1240;
				LastUpgradeCheck = 1240;
				TargetAttributes = {
					4E8AC7F1261648E900A37374 = {
						CreatedOnToolsVersion = 12.4;
					};
				};
			};
			buildConfigurationList = 4E8AC7ED261648E900A37374 /* Build configuration list for PBXProject "TableViewDemoWithCustomCell" */;
			compatibilityVersion = "Xcode 9.3";
			developmentRegion = en;
			hasScannedForEncodings = 0;
			knownRegions = (
				en,
				Base,
			);
			mainGroup = 4E8AC7E9261648E900A37374;
			productRefGroup = 4E8AC7F3261648E900A37374 /* Products */;
			projectDirPath = "";
			projectRoot = "";
			targets = (
				4E8AC7F1261648E900A37374 /* TableViewDemoWithCustomCell */,
			);
		};
/* End PBXProject section */

/* Begin PBXResourcesBuildPhase section */
		4E8AC7F0261648E900A37374 /* Resources */ = {
			isa = PBXResourcesBuildPhase;
			buildActionMask = 2147483647;
			files = (
				4E8AC802261648EA00A37374 /* LaunchScreen.storyboard in Resources */,
				4E8AC7FF261648EA00A37374 /* Assets.xcassets in Resources */,
				4E8AC81126173B9300A37374 /* CustomTableViewCell.xib in Resources */,
				4E8AC7FD261648E900A37374 /* Main.storyboard in Resources */,
			);
			runOnlyForDeploymentPostprocessing = 0;
		};
/* End PBXResourcesBuildPhase section */

/* Begin PBXSourcesBuildPhase section */
		4E8AC7EE261648E900A37374 /* Sources */ = {
			isa = PBXSourcesBuildPhase;
			buildActionMask = 2147483647;
			files = (
				4E8AC7F6261648E900A37374 /* AppDelegate.swift in Sources */,
				4E8AC7F8261648E900A37374 /* SceneDelegate.swift in Sources */,
				4E8AC81026173B9300A37374 /* CustomTableViewCell.swift in Sources */,
				4E8AC80C2617114C00A37374 /* mainViewController.swift in Sources */,
			);
			runOnlyForDeploymentPostprocessing = 0;
		};
/* End PBXSourcesBuildPhase section */

/* Begin PBXVariantGroup section */
		4E8AC7FB261648E900A37374 /* Main.storyboard */ = {
			isa = PBXVariantGroup;
			children = (
				4E8AC7FC261648E900A37374 /* Base */,
			);
			name = Main.storyboard;
			sourceTree = "<group>";
		};
		4E8AC800261648EA00A37374 /* LaunchScreen.storyboard */ = {
			isa = PBXVariantGroup;
			children = (
				4E8AC801261648EA00A37374 /* Base */,
			);
			name = LaunchScreen.storyboard;
			sourceTree = "<group>";
		};
/* End PBXVariantGroup section */

/* Begin XCBuildConfiguration section */
		4E8AC804261648EA00A37374 /* Debug */ = {
			isa = XCBuildConfiguration;
			buildSettings = {
				ALWAYS_SEARCH_USER_PATHS = NO;
				CLANG_ANALYZER_NONNULL = YES;
				CLANG_ANALYZER_NUMBER_OBJECT_CONVERSION = YES_AGGRESSIVE;
				CLANG_CXX_LANGUAGE_STANDARD = "gnu++14";
				CLANG_CXX_LIBRARY = "libc++";
				CLANG_ENABLE_MODULES = YES;
				CLANG_ENABLE_OBJC_ARC = YES;
				CLANG_ENABLE_OBJC_WEAK = YES;
				CLANG_WARN_BLOCK_CAPTURE_AUTORELEASING = YES;
				CLANG_WARN_BOOL_CONVERSION = YES;
				CLANG_WARN_COMMA = YES;
				CLANG_WARN_CONSTANT_CONVERSION = YES;
				CLANG_WARN_DEPRECATED_OBJC_IMPLEMENTATIONS = YES;
				CLANG_WARN_DIRECT_OBJC_ISA_USAGE = YES_ERROR;
				CLANG_WARN_DOCUMENTATION_COMMENTS = YES;
				CLANG_WARN_EMPTY_BODY = YES;
				CLANG_WARN_ENUM_CONVERSION = YES;
				CLANG_WARN_INFINITE_RECURSION = YES;
				CLANG_WARN_INT_CONVERSION = YES;
				CLANG_WARN_NON_LITERAL_NULL_CONVERSION = YES;
				CLANG_WARN_OBJC_IMPLICIT_RETAIN_SELF = YES;
				CLANG_WARN_OBJC_LITERAL_CONVERSION = YES;
				CLANG_WARN_OBJC_ROOT_CLASS = YES_ERROR;
				CLANG_WARN_QUOTED_INCLUDE_IN_FRAMEWORK_HEADER = YES;
				CLANG_WARN_RANGE_LOOP_ANALYSIS = YES;
				CLANG_WARN_STRICT_PROTOTYPES = YES;
				CLANG_WARN_SUSPICIOUS_MOVE = YES;
				CLANG_WARN_UNGUARDED_AVAILABILITY = YES_AGGRESSIVE;
				CLANG_WARN_UNREACHABLE_CODE = YES;
				CLANG_WARN__DUPLICATE_METHOD_MATCH = YES;
				COPY_PHASE_STRIP = NO;
				DEBUG_INFORMATION_FORMAT = dwarf;
				ENABLE_STRICT_OBJC_MSGSEND = YES;
				ENABLE_TESTABILITY = YES;
				GCC_C_LANGUAGE_STANDARD = gnu11;
				GCC_DYNAMIC_NO_PIC = NO;
				GCC_NO_COMMON_BLOCKS = YES;
				GCC_OPTIMIZATION_LEVEL = 0;
				GCC_PREPROCESSOR_DEFINITIONS = (
					"DEBUG=1",
					"$(inherited)",
				);
				GCC_WARN_64_TO_32_BIT_CONVERSION = YES;
				GCC_WARN_ABOUT_RETURN_TYPE = YES_ERROR;
				GCC_WARN_UNDECLARED_SELECTOR = YES;
				GCC_WARN_UNINITIALIZED_AUTOS = YES_AGGRESSIVE;
				GCC_WARN_UNUSED_FUNCTION = YES;
				GCC_WARN_UNUSED_VARIABLE = YES;
				IPHONEOS_DEPLOYMENT_TARGET = 14.4;
				MTL_ENABLE_DEBUG_INFO = INCLUDE_SOURCE;
				MTL_FAST_MATH = YES;
				ONLY_ACTIVE_ARCH = YES;
				SDKROOT = iphoneos;
				SWIFT_ACTIVE_COMPILATION_CONDITIONS = DEBUG;
				SWIFT_OPTIMIZATION_LEVEL = "-Onone";
			};
			name = Debug;
		};
		4E8AC805261648EA00A37374 /* Release */ = {
			isa = XCBuildConfiguration;
			buildSettings = {
				ALWAYS_SEARCH_USER_PATHS = NO;
				CLANG_ANALYZER_NONNULL = YES;
				CLANG_ANALYZER_NUMBER_OBJECT_CONVERSION = YES_AGGRESSIVE;
				CLANG_CXX_LANGUAGE_STANDARD = "gnu++14";
				CLANG_CXX_LIBRARY = "libc++";
				CLANG_ENABLE_MODULES = YES;
				CLANG_ENABLE_OBJC_ARC = YES;
				CLANG_ENABLE_OBJC_WEAK = YES;
				CLANG_WARN_BLOCK_CAPTURE_AUTORELEASING = YES;
				CLANG_WARN_BOOL_CONVERSION = YES;
				CLANG_WARN_COMMA = YES;
				CLANG_WARN_CONSTANT_CONVERSION = YES;
				CLANG_WARN_DEPRECATED_OBJC_IMPLEMENTATIONS = YES;
				CLANG_WARN_DIRECT_OBJC_ISA_USAGE = YES_ERROR;
				CLANG_WARN_DOCUMENTATION_COMMENTS = YES;
				CLANG_WARN_EMPTY_BODY = YES;
				CLANG_WARN_ENUM_CONVERSION = YES;
				CLANG_WARN_INFINITE_RECURSION = YES;
				CLANG_WARN_INT_CONVERSION = YES;
				CLANG_WARN_NON_LITERAL_NULL_CONVERSION = YES;
				CLANG_WARN_OBJC_IMPLICIT_RETAIN_SELF = YES;
				CLANG_WARN_OBJC_LITERAL_CONVERSION = YES;
				CLANG_WARN_OBJC_ROOT_CLASS = YES_ERROR;
				CLANG_WARN_QUOTED_INCLUDE_IN_FRAMEWORK_HEADER = YES;
				CLANG_WARN_RANGE_LOOP_ANALYSIS = YES;
				CLANG_WARN_STRICT_PROTOTYPES = YES;
				CLANG_WARN_SUSPICIOUS_MOVE = YES;
				CLANG_WARN_UNGUARDED_AVAILABILITY = YES_AGGRESSIVE;
				CLANG_WARN_UNREACHABLE_CODE = YES;
				CLANG_WARN__DUPLICATE_METHOD_MATCH = YES;
				COPY_PHASE_STRIP = NO;
				DEBUG_INFORMATION_FORMAT = "dwarf-with-dsym";
				ENABLE_NS_ASSERTIONS = NO;
				ENABLE_STRICT_OBJC_MSGSEND = YES;
				GCC_C_LANGUAGE_STANDARD = gnu11;
				GCC_NO_COMMON_BLOCKS = YES;
				GCC_WARN_64_TO_32_BIT_CONVERSION = YES;
				GCC_WARN_ABOUT_RETURN_TYPE = YES_ERROR;
				GCC_WARN_UNDECLARED_SELECTOR = YES;
				GCC_WARN_UNINITIALIZED_AUTOS = YES_AGGRESSIVE;
				GCC_WARN_UNUSED_FUNCTION = YES;
				GCC_WARN_UNUSED_VARIABLE = YES;
				IPHONEOS_DEPLOYMENT_TARGET = 14.4;
				MTL_ENABLE_DEBUG_INFO = NO;
				MTL_FAST_MATH = YES;
				SDKROOT = iphoneos;
				SWIFT_COMPILATION_MODE = wholemodule;
				SWIFT_OPTIMIZATION_LEVEL = "-O";
				VALIDATE_PRODUCT = YES;
			};
			name = Release;
		};
		4E8AC807261648EA00A37374 /* Debug */ = {
			isa = XCBuildConfiguration;
			buildSettings = {
				ASSETCATALOG_COMPILER_APPICON_NAME = AppIcon;
				ASSETCATALOG_COMPILER_GLOBAL_ACCENT_COLOR_NAME = AccentColor;
				CODE_SIGN_STYLE = Automatic;
				DEVELOPMENT_TEAM = JWC3TSVW2S;
				INFOPLIST_FILE = TableViewDemoWithCustomCell/Info.plist;
				LD_RUNPATH_SEARCH_PATHS = (
					"$(inherited)",
					"@executable_path/Frameworks",
				);
				PRODUCT_BUNDLE_IDENTIFIER = com.dilum.TableViewDemoWithCustomCell;
				PRODUCT_NAME = "$(TARGET_NAME)";
				SWIFT_VERSION = 5.0;
				TARGETED_DEVICE_FAMILY = "1,2";
			};
			name = Debug;
		};
		4E8AC808261648EA00A37374 /* Release */ = {
			isa = XCBuildConfiguration;
			buildSettings = {
				ASSETCATALOG_COMPILER_APPICON_NAME = AppIcon;
				ASSETCATALOG_COMPILER_GLOBAL_ACCENT_COLOR_NAME = AccentColor;
				CODE_SIGN_STYLE = Automatic;
				DEVELOPMENT_TEAM = JWC3TSVW2S;
				INFOPLIST_FILE = TableViewDemoWithCustomCell/Info.plist;
				LD_RUNPATH_SEARCH_PATHS = (
					"$(inherited)",
					"@executable_path/Frameworks",
				);
				PRODUCT_BUNDLE_IDENTIFIER = com.dilum.TableViewDemoWithCustomCell;
				PRODUCT_NAME = "$(TARGET_NAME)";
				SWIFT_VERSION = 5.0;
				TARGETED_DEVICE_FAMILY = "1,2";
			};
			name = Release;
		};
/* End XCBuildConfiguration section */

/* Begin XCConfigurationList section */
		4E8AC7ED261648E900A37374 /* Build configuration list for PBXProject "TableViewDemoWithCustomCell" */ = {
			isa = XCConfigurationList;
			buildConfigurations = (
				4E8AC804261648EA00A37374 /* Debug */,
				4E8AC805261648EA00A37374 /* Release */,
			);
			defaultConfigurationIsVisible = 0;
			defaultConfigurationName = Release;
		};
		4E8AC806261648EA00A37374 /* Build configuration list for PBXNativeTarget "TableViewDemoWithCustomCell" */ = {
			isa = XCConfigurationList;
			buildConfigurations = (
				4E8AC807261648EA00A37374 /* Debug */,
				4E8AC808261648EA00A37374 /* Release */,
			);
			defaultConfigurationIsVisible = 0;
			defaultConfigurationName = Release;
		};
/* End XCConfigurationList section */
	};
	rootObject = 4E8AC7EA261648E900A37374 /* Project object */;
}
