// !$*UTF8*$!
{
	archiveVersion = 1;
	classes = {
	};
	objectVersion = 50;
	objects = {

/* Begin PBXBuildFile section */
		4E07A8C625C5312B00CF08DE /* Colour.swift in Sources */ = {isa = PBXBuildFile; fileRef = 4E07A8C525C5312B00CF08DE /* Colour.swift */; };
		4E07A8CA25C534D200CF08DE /* ColorMixerVController.swift in Sources */ = {isa = PBXBuildFile; fileRef = 4E07A8C925C534D200CF08DE /* ColorMixerVController.swift */; };
		4EA5FA3225BBF8540043E59C /* AppDelegate.swift in Sources */ = {isa = PBXBuildFile; fileRef = 4EA5FA3125BBF8540043E59C /* AppDelegate.swift */; };
		4EA5FA3425BBF8540043E59C /* SceneDelegate.swift in Sources */ = {isa = PBXBuildFile; fileRef = 4EA5FA3325BBF8540043E59C /* SceneDelegate.swift */; };
		4EA5FA3925BBF8540043E59C /* Main.storyboard in Resources */ = {isa = PBXBuildFile; fileRef = 4EA5FA3725BBF8540043E59C /* Main.storyboard */; };
		4EA5FA3B25BBF8560043E59C /* Assets.xcassets in Resources */ = {isa = PBXBuildFile; fileRef = 4EA5FA3A25BBF8560043E59C /* Assets.xcassets */; };
		4EA5FA3E25BBF8560043E59C /* LaunchScreen.storyboard in Resources */ = {isa = PBXBuildFile; fileRef = 4EA5FA3C25BBF8560043E59C /* LaunchScreen.storyboard */; };
		4ECC7EB425E0EA22005DED55 /* Helper.swift in Sources */ = {isa = PBXBuildFile; fileRef = 4ECC7EB325E0EA22005DED55 /* Helper.swift */; };
		4ECC7EB825E0EA78005DED55 /* ColorDefaults.plist in Resources */ = {isa = PBXBuildFile; fileRef = 4ECC7EB725E0EA78005DED55 /* ColorDefaults.plist */; };
/* End PBXBuildFile section */

/* Begin PBXFileReference section */
		4E07A8C525C5312B00CF08DE /* Colour.swift */ = {isa = PBXFileReference; lastKnownFileType = sourcecode.swift; path = Colour.swift; sourceTree = "<group>"; };
		4E07A8C925C534D200CF08DE /* ColorMixerVController.swift */ = {isa = PBXFileReference; lastKnownFileType = sourcecode.swift; path = ColorMixerVController.swift; sourceTree = "<group>"; };
		4EA5FA2E25BBF8540043E59C /* ColorMixer.app */ = {isa = PBXFileReference; explicitFileType = wrapper.application; includeInIndex = 0; path = ColorMixer.app; sourceTree = BUILT_PRODUCTS_DIR; };
		4EA5FA3125BBF8540043E59C /* AppDelegate.swift */ = {isa = PBXFileReference; lastKnownFileType = sourcecode.swift; path = AppDelegate.swift; sourceTree = "<group>"; };
		4EA5FA3325BBF8540043E59C /* SceneDelegate.swift */ = {isa = PBXFileReference; lastKnownFileType = sourcecode.swift; path = SceneDelegate.swift; sourceTree = "<group>"; };
		4EA5FA3825BBF8540043E59C /* Base */ = {isa = PBXFileReference; lastKnownFileType = file.storyboard; name = Base; path = Base.lproj/Main.storyboard; sourceTree = "<group>"; };
		4EA5FA3A25BBF8560043E59C /* Assets.xcassets */ = {isa = PBXFileReference; lastKnownFileType = folder.assetcatalog; path = Assets.xcassets; sourceTree = "<group>"; };
		4EA5FA3D25BBF8560043E59C /* Base */ = {isa = PBXFileReference; lastKnownFileType = file.storyboard; name = Base; path = Base.lproj/LaunchScreen.storyboard; sourceTree = "<group>"; };
		4EA5FA3F25BBF8560043E59C /* Info.plist */ = {isa = PBXFileReference; lastKnownFileType = text.plist.xml; path = Info.plist; sourceTree = "<group>"; };
		4ECC7EB325E0EA22005DED55 /* Helper.swift */ = {isa = PBXFileReference; lastKnownFileType = sourcecode.swift; path = Helper.swift; sourceTree = "<group>"; };
		4ECC7EB725E0EA78005DED55 /* ColorDefaults.plist */ = {isa = PBXFileReference; lastKnownFileType = text.plist.xml; path = ColorDefaults.plist; sourceTree = "<group>"; };
/* End PBXFileReference section */

/* Begin PBXFrameworksBuildPhase section */
		4EA5FA2B25BBF8540043E59C /* Frameworks */ = {
			isa = PBXFrameworksBuildPhase;
			buildActionMask = 2147483647;
			files = (
			);
			runOnlyForDeploymentPostprocessing = 0;
		};
/* End PBXFrameworksBuildPhase section */

/* Begin PBXGroup section */
		4E07A8C125C52F4C00CF08DE /* Models */ = {
			isa = PBXGroup;
			children = (
				4E07A8C525C5312B00CF08DE /* Colour.swift */,
			);
			path = Models;
			sourceTree = "<group>";
		};
		4E07A8C225C52F5400CF08DE /* Views */ = {
			isa = PBXGroup;
			children = (
				4EA5FA3725BBF8540043E59C /* Main.storyboard */,
				4EA5FA3C25BBF8560043E59C /* LaunchScreen.storyboard */,
			);
			path = Views;
			sourceTree = "<group>";
		};
		4E07A8C325C52F6200CF08DE /* Controllers */ = {
			isa = PBXGroup;
			children = (
				4E07A8C925C534D200CF08DE /* ColorMixerVController.swift */,
			);
			path = Controllers;
			sourceTree = "<group>";
		};
		4E07A8C425C530CB00CF08DE /* Common */ = {
			isa = PBXGroup;
			children = (
				4EA5FA3125BBF8540043E59C /* AppDelegate.swift */,
				4EA5FA3325BBF8540043E59C /* SceneDelegate.swift */,
			);
			path = Common;
			sourceTree = "<group>";
		};
		4EA5FA2525BBF8540043E59C = {
			isa = PBXGroup;
			children = (
				4EA5FA3025BBF8540043E59C /* ColorMixer */,
				4EA5FA2F25BBF8540043E59C /* Products */,
			);
			sourceTree = "<group>";
		};
		4EA5FA2F25BBF8540043E59C /* Products */ = {
			isa = PBXGroup;
			children = (
				4EA5FA2E25BBF8540043E59C /* ColorMixer.app */,
			);
			name = Products;
			sourceTree = "<group>";
		};
		4EA5FA3025BBF8540043E59C /* ColorMixer */ = {
			isa = PBXGroup;
			children = (
				4ECC7EB225E0E9F8005DED55 /* Helper */,
				4E07A8C425C530CB00CF08DE /* Common */,
				4E07A8C325C52F6200CF08DE /* Controllers */,
				4E07A8C225C52F5400CF08DE /* Views */,
				4E07A8C125C52F4C00CF08DE /* Models */,
				4EA5FA3A25BBF8560043E59C /* Assets.xcassets */,
				4EA5FA3F25BBF8560043E59C /* Info.plist */,
				4ECC7EB725E0EA78005DED55 /* ColorDefaults.plist */,
			);
			path = ColorMixer;
			sourceTree = "<group>";
		};
		4ECC7EB225E0E9F8005DED55 /* Helper */ = {
			isa = PBXGroup;
			children = (
				4ECC7EB325E0EA22005DED55 /* Helper.swift */,
			);
			path = Helper;
			sourceTree = "<group>";
		};
/* End PBXGroup section */

/* Begin PBXNativeTarget section */
		4EA5FA2D25BBF8540043E59C /* ColorMixer */ = {
			isa = PBXNativeTarget;
			buildConfigurationList = 4EA5FA4225BBF8560043E59C /* Build configuration list for PBXNativeTarget "ColorMixer" */;
			buildPhases = (
				4EA5FA2A25BBF8540043E59C /* Sources */,
				4EA5FA2B25BBF8540043E59C /* Frameworks */,
				4EA5FA2C25BBF8540043E59C /* Resources */,
			);
			buildRules = (
			);
			dependencies = (
			);
			name = ColorMixer;
			productName = ColorMixer;
			productReference = 4EA5FA2E25BBF8540043E59C /* ColorMixer.app */;
			productType = "com.apple.product-type.application";
		};
/* End PBXNativeTarget section */

/* Begin PBXProject section */
		4EA5FA2625BBF8540043E59C /* Project object */ = {
			isa = PBXProject;
			attributes = {
				LastSwiftUpdateCheck = 1230;
				LastUpgradeCheck = 1230;
				TargetAttributes = {
					4EA5FA2D25BBF8540043E59C = {
						CreatedOnToolsVersion = 12.3;
					};
				};
			};
			buildConfigurationList = 4EA5FA2925BBF8540043E59C /* Build configuration list for PBXProject "ColorMixer" */;
			compatibilityVersion = "Xcode 9.3";
			developmentRegion = en;
			hasScannedForEncodings = 0;
			knownRegions = (
				en,
				Base,
			);
			mainGroup = 4EA5FA2525BBF8540043E59C;
			productRefGroup = 4EA5FA2F25BBF8540043E59C /* Products */;
			projectDirPath = "";
			projectRoot = "";
			targets = (
				4EA5FA2D25BBF8540043E59C /* ColorMixer */,
			);
		};
/* End PBXProject section */

/* Begin PBXResourcesBuildPhase section */
		4EA5FA2C25BBF8540043E59C /* Resources */ = {
			isa = PBXResourcesBuildPhase;
			buildActionMask = 2147483647;
			files = (
				4ECC7EB825E0EA78005DED55 /* ColorDefaults.plist in Resources */,
				4EA5FA3E25BBF8560043E59C /* LaunchScreen.storyboard in Resources */,
				4EA5FA3B25BBF8560043E59C /* Assets.xcassets in Resources */,
				4EA5FA3925BBF8540043E59C /* Main.storyboard in Resources */,
			);
			runOnlyForDeploymentPostprocessing = 0;
		};
/* End PBXResourcesBuildPhase section */

/* Begin PBXSourcesBuildPhase section */
		4EA5FA2A25BBF8540043E59C /* Sources */ = {
			isa = PBXSourcesBuildPhase;
			buildActionMask = 2147483647;
			files = (
				4E07A8CA25C534D200CF08DE /* ColorMixerVController.swift in Sources */,
				4EA5FA3225BBF8540043E59C /* AppDelegate.swift in Sources */,
				4ECC7EB425E0EA22005DED55 /* Helper.swift in Sources */,
				4EA5FA3425BBF8540043E59C /* SceneDelegate.swift in Sources */,
				4E07A8C625C5312B00CF08DE /* Colour.swift in Sources */,
			);
			runOnlyForDeploymentPostprocessing = 0;
		};
/* End PBXSourcesBuildPhase section */

/* Begin PBXVariantGroup section */
		4EA5FA3725BBF8540043E59C /* Main.storyboard */ = {
			isa = PBXVariantGroup;
			children = (
				4EA5FA3825BBF8540043E59C /* Base */,
			);
			name = Main.storyboard;
			sourceTree = "<group>";
		};
		4EA5FA3C25BBF8560043E59C /* LaunchScreen.storyboard */ = {
			isa = PBXVariantGroup;
			children = (
				4EA5FA3D25BBF8560043E59C /* Base */,
			);
			name = LaunchScreen.storyboard;
			sourceTree = "<group>";
		};
/* End PBXVariantGroup section */

/* Begin XCBuildConfiguration section */
		4EA5FA4025BBF8560043E59C /* Debug */ = {
			isa = XCBuildConfiguration;
			buildSettings = {
				ALWAYS_SEARCH_USER_PATHS = NO;
				CLANG_ANALYZER_NONNULL = YES;
				CLANG_ANALYZER_NUMBER_OBJECT_CONVERSION = YES_AGGRESSIVE;
				CLANG_CXX_LANGUAGE_STANDARD = "gnu++14";
				CLANG_CXX_LIBRARY = "libc++";
				CLANG_ENABLE_MODULES = YES;
				CLANG_ENABLE_OBJC_ARC = YES;
				CLANG_ENABLE_OBJC_WEAK = YES;
				CLANG_WARN_BLOCK_CAPTURE_AUTORELEASING = YES;
				CLANG_WARN_BOOL_CONVERSION = YES;
				CLANG_WARN_COMMA = YES;
				CLANG_WARN_CONSTANT_CONVERSION = YES;
				CLANG_WARN_DEPRECATED_OBJC_IMPLEMENTATIONS = YES;
				CLANG_WARN_DIRECT_OBJC_ISA_USAGE = YES_ERROR;
				CLANG_WARN_DOCUMENTATION_COMMENTS = YES;
				CLANG_WARN_EMPTY_BODY = YES;
				CLANG_WARN_ENUM_CONVERSION = YES;
				CLANG_WARN_INFINITE_RECURSION = YES;
				CLANG_WARN_INT_CONVERSION = YES;
				CLANG_WARN_NON_LITERAL_NULL_CONVERSION = YES;
				CLANG_WARN_OBJC_IMPLICIT_RETAIN_SELF = YES;
				CLANG_WARN_OBJC_LITERAL_CONVERSION = YES;
				CLANG_WARN_OBJC_ROOT_CLASS = YES_ERROR;
				CLANG_WARN_QUOTED_INCLUDE_IN_FRAMEWORK_HEADER = YES;
				CLANG_WARN_RANGE_LOOP_ANALYSIS = YES;
				CLANG_WARN_STRICT_PROTOTYPES = YES;
				CLANG_WARN_SUSPICIOUS_MOVE = YES;
				CLANG_WARN_UNGUARDED_AVAILABILITY = YES_AGGRESSIVE;
				CLANG_WARN_UNREACHABLE_CODE = YES;
				CLANG_WARN__DUPLICATE_METHOD_MATCH = YES;
				COPY_PHASE_STRIP = NO;
				DEBUG_INFORMATION_FORMAT = dwarf;
				ENABLE_STRICT_OBJC_MSGSEND = YES;
				ENABLE_TESTABILITY = YES;
				GCC_C_LANGUAGE_STANDARD = gnu11;
				GCC_DYNAMIC_NO_PIC = NO;
				GCC_NO_COMMON_BLOCKS = YES;
				GCC_OPTIMIZATION_LEVEL = 0;
				GCC_PREPROCESSOR_DEFINITIONS = (
					"DEBUG=1",
					"$(inherited)",
				);
				GCC_WARN_64_TO_32_BIT_CONVERSION = YES;
				GCC_WARN_ABOUT_RETURN_TYPE = YES_ERROR;
				GCC_WARN_UNDECLARED_SELECTOR = YES;
				GCC_WARN_UNINITIALIZED_AUTOS = YES_AGGRESSIVE;
				GCC_WARN_UNUSED_FUNCTION = YES;
				GCC_WARN_UNUSED_VARIABLE = YES;
				IPHONEOS_DEPLOYMENT_TARGET = 14.3;
				MTL_ENABLE_DEBUG_INFO = INCLUDE_SOURCE;
				MTL_FAST_MATH = YES;
				ONLY_ACTIVE_ARCH = YES;
				SDKROOT = iphoneos;
				SWIFT_ACTIVE_COMPILATION_CONDITIONS = DEBUG;
				SWIFT_OPTIMIZATION_LEVEL = "-Onone";
			};
			name = Debug;
		};
		4EA5FA4125BBF8560043E59C /* Release */ = {
			isa = XCBuildConfiguration;
			buildSettings = {
				ALWAYS_SEARCH_USER_PATHS = NO;
				CLANG_ANALYZER_NONNULL = YES;
				CLANG_ANALYZER_NUMBER_OBJECT_CONVERSION = YES_AGGRESSIVE;
				CLANG_CXX_LANGUAGE_STANDARD = "gnu++14";
				CLANG_CXX_LIBRARY = "libc++";
				CLANG_ENABLE_MODULES = YES;
				CLANG_ENABLE_OBJC_ARC = YES;
				CLANG_ENABLE_OBJC_WEAK = YES;
				CLANG_WARN_BLOCK_CAPTURE_AUTORELEASING = YES;
				CLANG_WARN_BOOL_CONVERSION = YES;
				CLANG_WARN_COMMA = YES;
				CLANG_WARN_CONSTANT_CONVERSION = YES;
				CLANG_WARN_DEPRECATED_OBJC_IMPLEMENTATIONS = YES;
				CLANG_WARN_DIRECT_OBJC_ISA_USAGE = YES_ERROR;
				CLANG_WARN_DOCUMENTATION_COMMENTS = YES;
				CLANG_WARN_EMPTY_BODY = YES;
				CLANG_WARN_ENUM_CONVERSION = YES;
				CLANG_WARN_INFINITE_RECURSION = YES;
				CLANG_WARN_INT_CONVERSION = YES;
				CLANG_WARN_NON_LITERAL_NULL_CONVERSION = YES;
				CLANG_WARN_OBJC_IMPLICIT_RETAIN_SELF = YES;
				CLANG_WARN_OBJC_LITERAL_CONVERSION = YES;
				CLANG_WARN_OBJC_ROOT_CLASS = YES_ERROR;
				CLANG_WARN_QUOTED_INCLUDE_IN_FRAMEWORK_HEADER = YES;
				CLANG_WARN_RANGE_LOOP_ANALYSIS = YES;
				CLANG_WARN_STRICT_PROTOTYPES = YES;
				CLANG_WARN_SUSPICIOUS_MOVE = YES;
				CLANG_WARN_UNGUARDED_AVAILABILITY = YES_AGGRESSIVE;
				CLANG_WARN_UNREACHABLE_CODE = YES;
				CLANG_WARN__DUPLICATE_METHOD_MATCH = YES;
				COPY_PHASE_STRIP = NO;
				DEBUG_INFORMATION_FORMAT = "dwarf-with-dsym";
				ENABLE_NS_ASSERTIONS = NO;
				ENABLE_STRICT_OBJC_MSGSEND = YES;
				GCC_C_LANGUAGE_STANDARD = gnu11;
				GCC_NO_COMMON_BLOCKS = YES;
				GCC_WARN_64_TO_32_BIT_CONVERSION = YES;
				GCC_WARN_ABOUT_RETURN_TYPE = YES_ERROR;
				GCC_WARN_UNDECLARED_SELECTOR = YES;
				GCC_WARN_UNINITIALIZED_AUTOS = YES_AGGRESSIVE;
				GCC_WARN_UNUSED_FUNCTION = YES;
				GCC_WARN_UNUSED_VARIABLE = YES;
				IPHONEOS_DEPLOYMENT_TARGET = 14.3;
				MTL_ENABLE_DEBUG_INFO = NO;
				MTL_FAST_MATH = YES;
				SDKROOT = iphoneos;
				SWIFT_COMPILATION_MODE = wholemodule;
				SWIFT_OPTIMIZATION_LEVEL = "-O";
				VALIDATE_PRODUCT = YES;
			};
			name = Release;
		};
		4EA5FA4325BBF8560043E59C /* Debug */ = {
			isa = XCBuildConfiguration;
			buildSettings = {
				ASSETCATALOG_COMPILER_APPICON_NAME = AppIcon;
				ASSETCATALOG_COMPILER_GLOBAL_ACCENT_COLOR_NAME = AccentColor;
				CODE_SIGN_STYLE = Automatic;
				DEVELOPMENT_TEAM = Y4F2Z2Y438;
				INFOPLIST_FILE = ColorMixer/Info.plist;
				LD_RUNPATH_SEARCH_PATHS = (
					"$(inherited)",
					"@executable_path/Frameworks",
				);
				PRODUCT_BUNDLE_IDENTIFIER = com.dilum.ColorMixer;
				PRODUCT_NAME = "$(TARGET_NAME)";
				SWIFT_VERSION = 5.0;
				TARGETED_DEVICE_FAMILY = "1,2";
			};
			name = Debug;
		};
		4EA5FA4425BBF8560043E59C /* Release */ = {
			isa = XCBuildConfiguration;
			buildSettings = {
				ASSETCATALOG_COMPILER_APPICON_NAME = AppIcon;
				ASSETCATALOG_COMPILER_GLOBAL_ACCENT_COLOR_NAME = AccentColor;
				CODE_SIGN_STYLE = Automatic;
				DEVELOPMENT_TEAM = Y4F2Z2Y438;
				INFOPLIST_FILE = ColorMixer/Info.plist;
				LD_RUNPATH_SEARCH_PATHS = (
					"$(inherited)",
					"@executable_path/Frameworks",
				);
				PRODUCT_BUNDLE_IDENTIFIER = com.dilum.ColorMixer;
				PRODUCT_NAME = "$(TARGET_NAME)";
				SWIFT_VERSION = 5.0;
				TARGETED_DEVICE_FAMILY = "1,2";
			};
			name = Release;
		};
/* End XCBuildConfiguration section */

/* Begin XCConfigurationList section */
		4EA5FA2925BBF8540043E59C /* Build configuration list for PBXProject "ColorMixer" */ = {
			isa = XCConfigurationList;
			buildConfigurations = (
				4EA5FA4025BBF8560043E59C /* Debug */,
				4EA5FA4125BBF8560043E59C /* Release */,
			);
			defaultConfigurationIsVisible = 0;
			defaultConfigurationName = Release;
		};
		4EA5FA4225BBF8560043E59C /* Build configuration list for PBXNativeTarget "ColorMixer" */ = {
			isa = XCConfigurationList;
			buildConfigurations = (
				4EA5FA4325BBF8560043E59C /* Debug */,
				4EA5FA4425BBF8560043E59C /* Release */,
			);
			defaultConfigurationIsVisible = 0;
			defaultConfigurationName = Release;
		};
/* End XCConfigurationList section */
	};
	rootObject = 4EA5FA2625BBF8540043E59C /* Project object */;
}
