// !$*UTF8*$!
{
	archiveVersion = 1;
	classes = {
	};
	objectVersion = 50;
	objects = {

/* Begin PBXBuildFile section */
		4E8AC918262A15D200A37374 /* Strings.plist in Resources */ = {isa = PBXBuildFile; fileRef = 4E8AC917262A15D200A37374 /* Strings.plist */; };
		4E8AC91B262A17C900A37374 /* Settings.bundle in Resources */ = {isa = PBXBuildFile; fileRef = 4E8AC91A262A17C900A37374 /* Settings.bundle */; };
		4EDAFB4025F33394001A5B46 /* AppDelegate.swift in Sources */ = {isa = PBXBuildFile; fileRef = 4EDAFB3F25F33394001A5B46 /* AppDelegate.swift */; };
		4EDAFB4225F33394001A5B46 /* SceneDelegate.swift in Sources */ = {isa = PBXBuildFile; fileRef = 4EDAFB4125F33394001A5B46 /* SceneDelegate.swift */; };
		4EDAFB4725F33394001A5B46 /* Main.storyboard in Resources */ = {isa = PBXBuildFile; fileRef = 4EDAFB4525F33394001A5B46 /* Main.storyboard */; };
		4EDAFB4925F33397001A5B46 /* Assets.xcassets in Resources */ = {isa = PBXBuildFile; fileRef = 4EDAFB4825F33397001A5B46 /* Assets.xcassets */; };
		4EDAFB4C25F33397001A5B46 /* LaunchScreen.storyboard in Resources */ = {isa = PBXBuildFile; fileRef = 4EDAFB4A25F33397001A5B46 /* LaunchScreen.storyboard */; };
		4EDAFB5A25F33C6A001A5B46 /* MainVC.swift in Sources */ = {isa = PBXBuildFile; fileRef = 4EDAFB5925F33C6A001A5B46 /* MainVC.swift */; };
/* End PBXBuildFile section */

/* Begin PBXFileReference section */
		4E8AC917262A15D200A37374 /* Strings.plist */ = {isa = PBXFileReference; lastKnownFileType = text.plist.xml; path = Strings.plist; sourceTree = "<group>"; };
		4E8AC91A262A17C900A37374 /* Settings.bundle */ = {isa = PBXFileReference; lastKnownFileType = "wrapper.plug-in"; path = Settings.bundle; sourceTree = "<group>"; };
		4EDAFB3C25F33394001A5B46 /* TuteWeek07.app */ = {isa = PBXFileReference; explicitFileType = wrapper.application; includeInIndex = 0; path = TuteWeek07.app; sourceTree = BUILT_PRODUCTS_DIR; };
		4EDAFB3F25F33394001A5B46 /* AppDelegate.swift */ = {isa = PBXFileReference; lastKnownFileType = sourcecode.swift; path = AppDelegate.swift; sourceTree = "<group>"; };
		4EDAFB4125F33394001A5B46 /* SceneDelegate.swift */ = {isa = PBXFileReference; lastKnownFileType = sourcecode.swift; path = SceneDelegate.swift; sourceTree = "<group>"; };
		4EDAFB4625F33394001A5B46 /* Base */ = {isa = PBXFileReference; lastKnownFileType = file.storyboard; name = Base; path = Base.lproj/Main.storyboard; sourceTree = "<group>"; };
		4EDAFB4825F33397001A5B46 /* Assets.xcassets */ = {isa = PBXFileReference; lastKnownFileType = folder.assetcatalog; path = Assets.xcassets; sourceTree = "<group>"; };
		4EDAFB4B25F33397001A5B46 /* Base */ = {isa = PBXFileReference; lastKnownFileType = file.storyboard; name = Base; path = Base.lproj/LaunchScreen.storyboard; sourceTree = "<group>"; };
		4EDAFB4D25F33397001A5B46 /* Info.plist */ = {isa = PBXFileReference; lastKnownFileType = text.plist.xml; path = Info.plist; sourceTree = "<group>"; };
		4EDAFB5925F33C6A001A5B46 /* MainVC.swift */ = {isa = PBXFileReference; lastKnownFileType = sourcecode.swift; path = MainVC.swift; sourceTree = "<group>"; };
/* End PBXFileReference section */

/* Begin PBXFrameworksBuildPhase section */
		4EDAFB3925F33394001A5B46 /* Frameworks */ = {
			isa = PBXFrameworksBuildPhase;
			buildActionMask = 2147483647;
			files = (
			);
			runOnlyForDeploymentPostprocessing = 0;
		};
/* End PBXFrameworksBuildPhase section */

/* Begin PBXGroup section */
		4EDAFB3325F33394001A5B46 = {
			isa = PBXGroup;
			children = (
				4EDAFB3E25F33394001A5B46 /* TuteWeek07 */,
				4EDAFB3D25F33394001A5B46 /* Products */,
			);
			sourceTree = "<group>";
		};
		4EDAFB3D25F33394001A5B46 /* Products */ = {
			isa = PBXGroup;
			children = (
				4EDAFB3C25F33394001A5B46 /* TuteWeek07.app */,
			);
			name = Products;
			sourceTree = "<group>";
		};
		4EDAFB3E25F33394001A5B46 /* TuteWeek07 */ = {
			isa = PBXGroup;
			children = (
				4EDAFB5625F333DC001A5B46 /* Controller */,
				4EDAFB5525F333BB001A5B46 /* View */,
				4EDAFB5425F333A7001A5B46 /* Common */,
				4EDAFB4825F33397001A5B46 /* Assets.xcassets */,
				4EDAFB4D25F33397001A5B46 /* Info.plist */,
				4E8AC917262A15D200A37374 /* Strings.plist */,
				4E8AC91A262A17C900A37374 /* Settings.bundle */,
			);
			path = TuteWeek07;
			sourceTree = "<group>";
		};
		4EDAFB5425F333A7001A5B46 /* Common */ = {
			isa = PBXGroup;
			children = (
				4EDAFB3F25F33394001A5B46 /* AppDelegate.swift */,
				4EDAFB4125F33394001A5B46 /* SceneDelegate.swift */,
			);
			path = Common;
			sourceTree = "<group>";
		};
		4EDAFB5525F333BB001A5B46 /* View */ = {
			isa = PBXGroup;
			children = (
				4EDAFB4525F33394001A5B46 /* Main.storyboard */,
				4EDAFB4A25F33397001A5B46 /* LaunchScreen.storyboard */,
			);
			path = View;
			sourceTree = "<group>";
		};
		4EDAFB5625F333DC001A5B46 /* Controller */ = {
			isa = PBXGroup;
			children = (
				4EDAFB5925F33C6A001A5B46 /* MainVC.swift */,
			);
			path = Controller;
			sourceTree = "<group>";
		};
/* End PBXGroup section */

/* Begin PBXNativeTarget section */
		4EDAFB3B25F33394001A5B46 /* TuteWeek07 */ = {
			isa = PBXNativeTarget;
			buildConfigurationList = 4EDAFB5025F33397001A5B46 /* Build configuration list for PBXNativeTarget "TuteWeek07" */;
			buildPhases = (
				4EDAFB3825F33394001A5B46 /* Sources */,
				4EDAFB3925F33394001A5B46 /* Frameworks */,
				4EDAFB3A25F33394001A5B46 /* Resources */,
			);
			buildRules = (
			);
			dependencies = (
			);
			name = TuteWeek07;
			productName = TuteWeek07;
			productReference = 4EDAFB3C25F33394001A5B46 /* TuteWeek07.app */;
			productType = "com.apple.product-type.application";
		};
/* End PBXNativeTarget section */

/* Begin PBXProject section */
		4EDAFB3425F33394001A5B46 /* Project object */ = {
			isa = PBXProject;
			attributes = {
				LastSwiftUpdateCheck = 1240;
				LastUpgradeCheck = 1240;
				TargetAttributes = {
					4EDAFB3B25F33394001A5B46 = {
						CreatedOnToolsVersion = 12.4;
					};
				};
			};
			buildConfigurationList = 4EDAFB3725F33394001A5B46 /* Build configuration list for PBXProject "TuteWeek07" */;
			compatibilityVersion = "Xcode 9.3";
			developmentRegion = en;
			hasScannedForEncodings = 0;
			knownRegions = (
				en,
				Base,
			);
			mainGroup = 4EDAFB3325F33394001A5B46;
			productRefGroup = 4EDAFB3D25F33394001A5B46 /* Products */;
			projectDirPath = "";
			projectRoot = "";
			targets = (
				4EDAFB3B25F33394001A5B46 /* TuteWeek07 */,
			);
		};
/* End PBXProject section */

/* Begin PBXResourcesBuildPhase section */
		4EDAFB3A25F33394001A5B46 /* Resources */ = {
			isa = PBXResourcesBuildPhase;
			buildActionMask = 2147483647;
			files = (
				4EDAFB4C25F33397001A5B46 /* LaunchScreen.storyboard in Resources */,
				4E8AC918262A15D200A37374 /* Strings.plist in Resources */,
				4E8AC91B262A17C900A37374 /* Settings.bundle in Resources */,
				4EDAFB4925F33397001A5B46 /* Assets.xcassets in Resources */,
				4EDAFB4725F33394001A5B46 /* Main.storyboard in Resources */,
			);
			runOnlyForDeploymentPostprocessing = 0;
		};
/* End PBXResourcesBuildPhase section */

/* Begin PBXSourcesBuildPhase section */
		4EDAFB3825F33394001A5B46 /* Sources */ = {
			isa = PBXSourcesBuildPhase;
			buildActionMask = 2147483647;
			files = (
				4EDAFB4025F33394001A5B46 /* AppDelegate.swift in Sources */,
				4EDAFB5A25F33C6A001A5B46 /* MainVC.swift in Sources */,
				4EDAFB4225F33394001A5B46 /* SceneDelegate.swift in Sources */,
			);
			runOnlyForDeploymentPostprocessing = 0;
		};
/* End PBXSourcesBuildPhase section */

/* Begin PBXVariantGroup section */
		4EDAFB4525F33394001A5B46 /* Main.storyboard */ = {
			isa = PBXVariantGroup;
			children = (
				4EDAFB4625F33394001A5B46 /* Base */,
			);
			name = Main.storyboard;
			sourceTree = "<group>";
		};
		4EDAFB4A25F33397001A5B46 /* LaunchScreen.storyboard */ = {
			isa = PBXVariantGroup;
			children = (
				4EDAFB4B25F33397001A5B46 /* Base */,
			);
			name = LaunchScreen.storyboard;
			sourceTree = "<group>";
		};
/* End PBXVariantGroup section */

/* Begin XCBuildConfiguration section */
		4EDAFB4E25F33397001A5B46 /* Debug */ = {
			isa = XCBuildConfiguration;
			buildSettings = {
				ALWAYS_SEARCH_USER_PATHS = NO;
				CLANG_ANALYZER_NONNULL = YES;
				CLANG_ANALYZER_NUMBER_OBJECT_CONVERSION = YES_AGGRESSIVE;
				CLANG_CXX_LANGUAGE_STANDARD = "gnu++14";
				CLANG_CXX_LIBRARY = "libc++";
				CLANG_ENABLE_MODULES = YES;
				CLANG_ENABLE_OBJC_ARC = YES;
				CLANG_ENABLE_OBJC_WEAK = YES;
				CLANG_WARN_BLOCK_CAPTURE_AUTORELEASING = YES;
				CLANG_WARN_BOOL_CONVERSION = YES;
				CLANG_WARN_COMMA = YES;
				CLANG_WARN_CONSTANT_CONVERSION = YES;
				CLANG_WARN_DEPRECATED_OBJC_IMPLEMENTATIONS = YES;
				CLANG_WARN_DIRECT_OBJC_ISA_USAGE = YES_ERROR;
				CLANG_WARN_DOCUMENTATION_COMMENTS = YES;
				CLANG_WARN_EMPTY_BODY = YES;
				CLANG_WARN_ENUM_CONVERSION = YES;
				CLANG_WARN_INFINITE_RECURSION = YES;
				CLANG_WARN_INT_CONVERSION = YES;
				CLANG_WARN_NON_LITERAL_NULL_CONVERSION = YES;
				CLANG_WARN_OBJC_IMPLICIT_RETAIN_SELF = YES;
				CLANG_WARN_OBJC_LITERAL_CONVERSION = YES;
				CLANG_WARN_OBJC_ROOT_CLASS = YES_ERROR;
				CLANG_WARN_QUOTED_INCLUDE_IN_FRAMEWORK_HEADER = YES;
				CLANG_WARN_RANGE_LOOP_ANALYSIS = YES;
				CLANG_WARN_STRICT_PROTOTYPES = YES;
				CLANG_WARN_SUSPICIOUS_MOVE = YES;
				CLANG_WARN_UNGUARDED_AVAILABILITY = YES_AGGRESSIVE;
				CLANG_WARN_UNREACHABLE_CODE = YES;
				CLANG_WARN__DUPLICATE_METHOD_MATCH = YES;
				COPY_PHASE_STRIP = NO;
				DEBUG_INFORMATION_FORMAT = dwarf;
				ENABLE_STRICT_OBJC_MSGSEND = YES;
				ENABLE_TESTABILITY = YES;
				GCC_C_LANGUAGE_STANDARD = gnu11;
				GCC_DYNAMIC_NO_PIC = NO;
				GCC_NO_COMMON_BLOCKS = YES;
				GCC_OPTIMIZATION_LEVEL = 0;
				GCC_PREPROCESSOR_DEFINITIONS = (
					"DEBUG=1",
					"$(inherited)",
				);
				GCC_WARN_64_TO_32_BIT_CONVERSION = YES;
				GCC_WARN_ABOUT_RETURN_TYPE = YES_ERROR;
				GCC_WARN_UNDECLARED_SELECTOR = YES;
				GCC_WARN_UNINITIALIZED_AUTOS = YES_AGGRESSIVE;
				GCC_WARN_UNUSED_FUNCTION = YES;
				GCC_WARN_UNUSED_VARIABLE = YES;
				IPHONEOS_DEPLOYMENT_TARGET = 14.4;
				MTL_ENABLE_DEBUG_INFO = INCLUDE_SOURCE;
				MTL_FAST_MATH = YES;
				ONLY_ACTIVE_ARCH = YES;
				SDKROOT = iphoneos;
				SWIFT_ACTIVE_COMPILATION_CONDITIONS = DEBUG;
				SWIFT_OPTIMIZATION_LEVEL = "-Onone";
			};
			name = Debug;
		};
		4EDAFB4F25F33397001A5B46 /* Release */ = {
			isa = XCBuildConfiguration;
			buildSettings = {
				ALWAYS_SEARCH_USER_PATHS = NO;
				CLANG_ANALYZER_NONNULL = YES;
				CLANG_ANALYZER_NUMBER_OBJECT_CONVERSION = YES_AGGRESSIVE;
				CLANG_CXX_LANGUAGE_STANDARD = "gnu++14";
				CLANG_CXX_LIBRARY = "libc++";
				CLANG_ENABLE_MODULES = YES;
				CLANG_ENABLE_OBJC_ARC = YES;
				CLANG_ENABLE_OBJC_WEAK = YES;
				CLANG_WARN_BLOCK_CAPTURE_AUTORELEASING = YES;
				CLANG_WARN_BOOL_CONVERSION = YES;
				CLANG_WARN_COMMA = YES;
				CLANG_WARN_CONSTANT_CONVERSION = YES;
				CLANG_WARN_DEPRECATED_OBJC_IMPLEMENTATIONS = YES;
				CLANG_WARN_DIRECT_OBJC_ISA_USAGE = YES_ERROR;
				CLANG_WARN_DOCUMENTATION_COMMENTS = YES;
				CLANG_WARN_EMPTY_BODY = YES;
				CLANG_WARN_ENUM_CONVERSION = YES;
				CLANG_WARN_INFINITE_RECURSION = YES;
				CLANG_WARN_INT_CONVERSION = YES;
				CLANG_WARN_NON_LITERAL_NULL_CONVERSION = YES;
				CLANG_WARN_OBJC_IMPLICIT_RETAIN_SELF = YES;
				CLANG_WARN_OBJC_LITERAL_CONVERSION = YES;
				CLANG_WARN_OBJC_ROOT_CLASS = YES_ERROR;
				CLANG_WARN_QUOTED_INCLUDE_IN_FRAMEWORK_HEADER = YES;
				CLANG_WARN_RANGE_LOOP_ANALYSIS = YES;
				CLANG_WARN_STRICT_PROTOTYPES = YES;
				CLANG_WARN_SUSPICIOUS_MOVE = YES;
				CLANG_WARN_UNGUARDED_AVAILABILITY = YES_AGGRESSIVE;
				CLANG_WARN_UNREACHABLE_CODE = YES;
				CLANG_WARN__DUPLICATE_METHOD_MATCH = YES;
				COPY_PHASE_STRIP = NO;
				DEBUG_INFORMATION_FORMAT = "dwarf-with-dsym";
				ENABLE_NS_ASSERTIONS = NO;
				ENABLE_STRICT_OBJC_MSGSEND = YES;
				GCC_C_LANGUAGE_STANDARD = gnu11;
				GCC_NO_COMMON_BLOCKS = YES;
				GCC_WARN_64_TO_32_BIT_CONVERSION = YES;
				GCC_WARN_ABOUT_RETURN_TYPE = YES_ERROR;
				GCC_WARN_UNDECLARED_SELECTOR = YES;
				GCC_WARN_UNINITIALIZED_AUTOS = YES_AGGRESSIVE;
				GCC_WARN_UNUSED_FUNCTION = YES;
				GCC_WARN_UNUSED_VARIABLE = YES;
				IPHONEOS_DEPLOYMENT_TARGET = 14.4;
				MTL_ENABLE_DEBUG_INFO = NO;
				MTL_FAST_MATH = YES;
				SDKROOT = iphoneos;
				SWIFT_COMPILATION_MODE = wholemodule;
				SWIFT_OPTIMIZATION_LEVEL = "-O";
				VALIDATE_PRODUCT = YES;
			};
			name = Release;
		};
		4EDAFB5125F33397001A5B46 /* Debug */ = {
			isa = XCBuildConfiguration;
			buildSettings = {
				ASSETCATALOG_COMPILER_APPICON_NAME = AppIcon;
				ASSETCATALOG_COMPILER_GLOBAL_ACCENT_COLOR_NAME = AccentColor;
				CODE_SIGN_STYLE = Automatic;
				DEVELOPMENT_TEAM = Y4F2Z2Y438;
				INFOPLIST_FILE = TuteWeek07/Info.plist;
				LD_RUNPATH_SEARCH_PATHS = (
					"$(inherited)",
					"@executable_path/Frameworks",
				);
				PRODUCT_BUNDLE_IDENTIFIER = com.dilum.TuteWeek07;
				PRODUCT_NAME = "$(TARGET_NAME)";
				SWIFT_VERSION = 5.0;
				TARGETED_DEVICE_FAMILY = "1,2";
			};
			name = Debug;
		};
		4EDAFB5225F33397001A5B46 /* Release */ = {
			isa = XCBuildConfiguration;
			buildSettings = {
				ASSETCATALOG_COMPILER_APPICON_NAME = AppIcon;
				ASSETCATALOG_COMPILER_GLOBAL_ACCENT_COLOR_NAME = AccentColor;
				CODE_SIGN_STYLE = Automatic;
				DEVELOPMENT_TEAM = Y4F2Z2Y438;
				INFOPLIST_FILE = TuteWeek07/Info.plist;
				LD_RUNPATH_SEARCH_PATHS = (
					"$(inherited)",
					"@executable_path/Frameworks",
				);
				PRODUCT_BUNDLE_IDENTIFIER = com.dilum.TuteWeek07;
				PRODUCT_NAME = "$(TARGET_NAME)";
				SWIFT_VERSION = 5.0;
				TARGETED_DEVICE_FAMILY = "1,2";
			};
			name = Release;
		};
/* End XCBuildConfiguration section */

/* Begin XCConfigurationList section */
		4EDAFB3725F33394001A5B46 /* Build configuration list for PBXProject "TuteWeek07" */ = {
			isa = XCConfigurationList;
			buildConfigurations = (
				4EDAFB4E25F33397001A5B46 /* Debug */,
				4EDAFB4F25F33397001A5B46 /* Release */,
			);
			defaultConfigurationIsVisible = 0;
			defaultConfigurationName = Release;
		};
		4EDAFB5025F33397001A5B46 /* Build configuration list for PBXNativeTarget "TuteWeek07" */ = {
			isa = XCConfigurationList;
			buildConfigurations = (
				4EDAFB5125F33397001A5B46 /* Debug */,
				4EDAFB5225F33397001A5B46 /* Release */,
			);
			defaultConfigurationIsVisible = 0;
			defaultConfigurationName = Release;
		};
/* End XCConfigurationList section */
	};
	rootObject = 4EDAFB3425F33394001A5B46 /* Project object */;
}
